{
  "originHash" : "ab3a98415d3e133fb7c5b85226ad00c68469727abdfcef932d8c3b56616fe38c",
  "pins" : [
    {
      "identity" : "chary",
      "kind" : "remoteSourceControl",
      "location" : "https://github.com/hainayanda/Chary.git",
      "state" : {
        "revision" : "f4d25724270c35d786cbf7102dd238941b525b69",
        "version" : "1.0.7"
      }
    },
    {
      "identity" : "swift-syntax",
      "kind" : "remoteSourceControl",
      "location" : "https://github.com/apple/swift-syntax.git",
      "state" : {
        "revision" : "64889f0c732f210a935a0ad7cda38f77f876262d",
        "version" : "509.1.1"
      }
    }
  ],
  "version" : 3
}
